
Microsoft Visual Studio Solution File, Format Version 12.00
# Visual Studio Version 16
VisualStudioVersion = 16.0.31829.152
MinimumVisualStudioVersion = 10.0.40219.1
Project("{9A19103F-16F7-4668-BE54-9A1E7A4F7556}") = "Application", "Application\Application.csproj", "{398D6F44-44BF-4352-A9BF-D80CADA0C1CA}"
EndProject
Project("{9A19103F-16F7-4668-BE54-9A1E7A4F7556}") = "Domain", "Domain\Domain.csproj", "{05598628-950B-46D1-A477-C624584E6A6D}"
EndProject
Project("{9A19103F-16F7-4668-BE54-9A1E7A4F7556}") = "Infrastructure", "Infrastructure\Infrastructure.csproj", "{3B6DEC6F-045E-40BB-9870-E6613E5A4054}"
EndProject
Project("{9A19103F-16F7-4668-BE54-9A1E7A4F7556}") = "Ioc", "Ioc\Ioc.csproj", "{7D006A77-19B4-4E0F-B595-29DB13568236}"
EndProject
Project("{9A19103F-16F7-4668-BE54-9A1E7A4F7556}") = "WebApplication1", "WebApplication1\WebApplication1.csproj", "{6D672EDD-F6C4-455B-BEFB-F8FD1F59267A}"
EndProject
Global
	GlobalSection(SolutionConfigurationPlatforms) = preSolution
		Debug|Any CPU = Debug|Any CPU
		Release|Any CPU = Release|Any CPU
	EndGlobalSection
	GlobalSection(ProjectConfigurationPlatforms) = postSolution
		{398D6F44-44BF-4352-A9BF-D80CADA0C1CA}.Debug|Any CPU.ActiveCfg = Debug|Any CPU
		{398D6F44-44BF-4352-A9BF-D80CADA0C1CA}.Debug|Any CPU.Build.0 = Debug|Any CPU
		{398D6F44-44BF-4352-A9BF-D80CADA0C1CA}.Release|Any CPU.ActiveCfg = Release|Any CPU
		{398D6F44-44BF-4352-A9BF-D80CADA0C1CA}.Release|Any CPU.Build.0 = Release|Any CPU
		{05598628-950B-46D1-A477-C624584E6A6D}.Debug|Any CPU.ActiveCfg = Debug|Any CPU
		{05598628-950B-46D1-A477-C624584E6A6D}.Debug|Any CPU.Build.0 = Debug|Any CPU
		{05598628-950B-46D1-A477-C624584E6A6D}.Release|Any CPU.ActiveCfg = Release|Any CPU
		{05598628-950B-46D1-A477-C624584E6A6D}.Release|Any CPU.Build.0 = Release|Any CPU
		{3B6DEC6F-045E-40BB-9870-E6613E5A4054}.Debug|Any CPU.ActiveCfg = Debug|Any CPU
		{3B6DEC6F-045E-40BB-9870-E6613E5A4054}.Debug|Any CPU.Build.0 = Debug|Any CPU
		{3B6DEC6F-045E-40BB-9870-E6613E5A4054}.Release|Any CPU.ActiveCfg = Release|Any CPU
		{3B6DEC6F-045E-40BB-9870-E6613E5A4054}.Release|Any CPU.Build.0 = Release|Any CPU
		{7D006A77-19B4-4E0F-B595-29DB13568236}.Debug|Any CPU.ActiveCfg = Debug|Any CPU
		{7D006A77-19B4-4E0F-B595-29DB13568236}.Debug|Any CPU.Build.0 = Debug|Any CPU
		{7D006A77-19B4-4E0F-B595-29DB13568236}.Release|Any CPU.ActiveCfg = Release|Any CPU
		{7D006A77-19B4-4E0F-B595-29DB13568236}.Release|Any CPU.Build.0 = Release|Any CPU
		{6D672EDD-F6C4-455B-BEFB-F8FD1F59267A}.Debug|Any CPU.ActiveCfg = Debug|Any CPU
		{6D672EDD-F6C4-455B-BEFB-F8FD1F59267A}.Debug|Any CPU.Build.0 = Debug|Any CPU
		{6D672EDD-F6C4-455B-BEFB-F8FD1F59267A}.Release|Any CPU.ActiveCfg = Release|Any CPU
		{6D672EDD-F6C4-455B-BEFB-F8FD1F59267A}.Release|Any CPU.Build.0 = Release|Any CPU
	EndGlobalSection
	GlobalSection(SolutionProperties) = preSolution
		HideSolutionNode = FALSE
	EndGlobalSection
	GlobalSection(ExtensibilityGlobals) = postSolution
		SolutionGuid = {6C8FE608-5D1B-41FC-B5FD-D7707E33DFBC}
	EndGlobalSection
EndGlobal
